{
  "name": "advent_of_code_2023",
  "version": "1.0.0",
  "lockfileVersion": 2,
  "requires": true,
  "packages": {
    "": {
      "name": "advent_of_code_2023",
      "version": "1.0.0",
      "license": "ISC",
      "dependencies": {
        "commander": "^9.4.1"
      },
      "devDependencies": {
        "@types/node": "^18.11.10",
        "typescript": "^4.9.3"
      }
    },
    "node_modules/@types/node": {
      "version": "18.19.0",
      "resolved": "https://repository.eng.netsuite.com/content/groups/proddev-npm/@types/node/-/node-18.19.0.tgz",
      "integrity": "sha512-667KNhaD7U29mT5wf+TZUnrzPrlL2GNQ5N0BMjO2oNULhBxX0/FKCkm6JMu0Jh7Z+1LwUlR21ekd7KhIboNFNw==",
      "dev": true,
      "license": "MIT",
      "dependencies": {
        "undici-types": "~5.26.4"
      }
    },
    "node_modules/commander": {
      "version": "9.5.0",
      "resolved": "https://repository.eng.netsuite.com/content/groups/proddev-npm/commander/-/commander-9.5.0.tgz",
      "integrity": "sha512-KRs7WVDKg86PWiuAqhDrAQnTXZKraVcCc6vFdL14qrZ/DcWwuRo7VoiYXalXO7S5GKpqYiVEwCbgFDfxNHKJBQ==",
      "license": "MIT",
      "engines": {
        "node": "^12.20.0 || >=14"
      }
    },
    "node_modules/typescript": {
      "version": "4.9.5",
      "resolved": "https://repository.eng.netsuite.com/content/groups/proddev-npm/typescript/-/typescript-4.9.5.tgz",
      "integrity": "sha512-1FXk9E2Hm+QzZQ7z+McJiHL4NW1F2EzMu9Nq9i3zAaGqibafqYwCVU6WyWAuyQRRzOlxou8xZSyXLEN8oKj24g==",
      "dev": true,
      "license": "Apache-2.0",
      "bin": {
        "tsc": "bin/tsc",
        "tsserver": "bin/tsserver"
      },
      "engines": {
        "node": ">=4.2.0"
      }
    },
    "node_modules/undici-types": {
      "version": "5.26.5",
      "resolved": "https://repository.eng.netsuite.com/content/groups/proddev-npm/undici-types/-/undici-types-5.26.5.tgz",
      "integrity": "sha512-JlCMO+ehdEIKqlFxk6IfVoAUVmgz7cU7zD/h9XZ0qzeosSHmUJVOzSQvvYSYWXkFXC+IfLKSIffhv0sVZup6pA==",
      "dev": true,
      "license": "MIT"
    }
  },
  "dependencies": {
    "@types/node": {
      "version": "18.19.0",
      "resolved": "https://repository.eng.netsuite.com/content/groups/proddev-npm/@types/node/-/node-18.19.0.tgz",
      "integrity": "sha512-667KNhaD7U29mT5wf+TZUnrzPrlL2GNQ5N0BMjO2oNULhBxX0/FKCkm6JMu0Jh7Z+1LwUlR21ekd7KhIboNFNw==",
      "dev": true,
      "requires": {
        "undici-types": "~5.26.4"
      }
    },
    "commander": {
      "version": "9.5.0",
      "resolved": "https://repository.eng.netsuite.com/content/groups/proddev-npm/commander/-/commander-9.5.0.tgz",
      "integrity": "sha512-KRs7WVDKg86PWiuAqhDrAQnTXZKraVcCc6vFdL14qrZ/DcWwuRo7VoiYXalXO7S5GKpqYiVEwCbgFDfxNHKJBQ=="
    },
    "typescript": {
      "version": "4.9.5",
      "resolved": "https://repository.eng.netsuite.com/content/groups/proddev-npm/typescript/-/typescript-4.9.5.tgz",
      "integrity": "sha512-1FXk9E2Hm+QzZQ7z+McJiHL4NW1F2EzMu9Nq9i3zAaGqibafqYwCVU6WyWAuyQRRzOlxou8xZSyXLEN8oKj24g==",
      "dev": true
    },
    "undici-types": {
      "version": "5.26.5",
      "resolved": "https://repository.eng.netsuite.com/content/groups/proddev-npm/undici-types/-/undici-types-5.26.5.tgz",
      "integrity": "sha512-JlCMO+ehdEIKqlFxk6IfVoAUVmgz7cU7zD/h9XZ0qzeosSHmUJVOzSQvvYSYWXkFXC+IfLKSIffhv0sVZup6pA==",
      "dev": true
    }
  }
}
